
Microsoft Visual Studio Solution File, Format Version 12.00
# Visual Studio Version 17
VisualStudioVersion = 17.10.34928.147
MinimumVisualStudioVersion = 10.0.40219.1
Project("{FAE04EC0-301F-11D3-BF4B-00C04F79EFBC}") = "number-guessing-game-incsharp", "number-guessing-game-incsharp\number-guessing-game-incsharp.csproj", "{EC7B8B7A-C760-49DB-963D-4D1F363AF403}"
EndProject
Global
	GlobalSection(SolutionConfigurationPlatforms) = preSolution
		Debug|Any CPU = Debug|Any CPU
		Release|Any CPU = Release|Any CPU
	EndGlobalSection
	GlobalSection(ProjectConfigurationPlatforms) = postSolution
		{EC7B8B7A-C760-49DB-963D-4D1F363AF403}.Debug|Any CPU.ActiveCfg = Debug|Any CPU
		{EC7B8B7A-C760-49DB-963D-4D1F363AF403}.Debug|Any CPU.Build.0 = Debug|Any CPU
		{EC7B8B7A-C760-49DB-963D-4D1F363AF403}.Release|Any CPU.ActiveCfg = Release|Any CPU
		{EC7B8B7A-C760-49DB-963D-4D1F363AF403}.Release|Any CPU.Build.0 = Release|Any CPU
	EndGlobalSection
	GlobalSection(SolutionProperties) = preSolution
		HideSolutionNode = FALSE
	EndGlobalSection
	GlobalSection(ExtensibilityGlobals) = postSolution
		SolutionGuid = {A067003F-3FB5-484B-A0D4-E062C37C27DA}
	EndGlobalSection
EndGlobal
